
Microsoft Visual Studio Solution File, Format Version 12.00
# Visual Studio Version 17
VisualStudioVersion = 17.8.34330.188
MinimumVisualStudioVersion = 10.0.40219.1
Project("{FAE04EC0-301F-11D3-BF4B-00C04F79EFBC}") = "poweredby-vue", "poweredby-vue.csproj", "{E0E9E468-5CF0-4790-B77E-E2DB33D07CA9}"
EndProject
Global
	GlobalSection(SolutionConfigurationPlatforms) = preSolution
		Debug|Any CPU = Debug|Any CPU
		Debug|x64 = Debug|x64
		Release|Any CPU = Release|Any CPU
		Release|x64 = Release|x64
	EndGlobalSection
	GlobalSection(ProjectConfigurationPlatforms) = postSolution
		{E0E9E468-5CF0-4790-B77E-E2DB33D07CA9}.Debug|Any CPU.ActiveCfg = Debug|Any CPU
		{E0E9E468-5CF0-4790-B77E-E2DB33D07CA9}.Debug|Any CPU.Build.0 = Debug|Any CPU
		{E0E9E468-5CF0-4790-B77E-E2DB33D07CA9}.Debug|x64.ActiveCfg = Debug|x64
		{E0E9E468-5CF0-4790-B77E-E2DB33D07CA9}.Debug|x64.Build.0 = Debug|x64
		{E0E9E468-5CF0-4790-B77E-E2DB33D07CA9}.Release|Any CPU.ActiveCfg = Release|Any CPU
		{E0E9E468-5CF0-4790-B77E-E2DB33D07CA9}.Release|Any CPU.Build.0 = Release|Any CPU
		{E0E9E468-5CF0-4790-B77E-E2DB33D07CA9}.Release|x64.ActiveCfg = Release|Any CPU
		{E0E9E468-5CF0-4790-B77E-E2DB33D07CA9}.Release|x64.Build.0 = Release|Any CPU
	EndGlobalSection
	GlobalSection(SolutionProperties) = preSolution
		HideSolutionNode = FALSE
	EndGlobalSection
	GlobalSection(ExtensibilityGlobals) = postSolution
		SolutionGuid = {371A91ED-2254-43A4-832E-B34A13399D60}
	EndGlobalSection
EndGlobal
